
Microsoft Visual Studio Solution File, Format Version 12.00
# Visual Studio Version 17
VisualStudioVersion = 17.5.002.0
MinimumVisualStudioVersion = 10.0.40219.1
Project("{9A19103F-16F7-4668-BE54-9A1E7A4F7556}") = "Drivers.Api", "Drivers.Api.csproj", "{1B312C5E-A57D-4693-8224-F90C5931AB24}"
EndProject
Global
	GlobalSection(SolutionConfigurationPlatforms) = preSolution
		Debug|Any CPU = Debug|Any CPU
		Release|Any CPU = Release|Any CPU
	EndGlobalSection
	GlobalSection(ProjectConfigurationPlatforms) = postSolution
		{1B312C5E-A57D-4693-8224-F90C5931AB24}.Debug|Any CPU.ActiveCfg = Debug|Any CPU
		{1B312C5E-A57D-4693-8224-F90C5931AB24}.Debug|Any CPU.Build.0 = Debug|Any CPU
		{1B312C5E-A57D-4693-8224-F90C5931AB24}.Release|Any CPU.ActiveCfg = Release|Any CPU
		{1B312C5E-A57D-4693-8224-F90C5931AB24}.Release|Any CPU.Build.0 = Release|Any CPU
	EndGlobalSection
	GlobalSection(SolutionProperties) = preSolution
		HideSolutionNode = FALSE
	EndGlobalSection
	GlobalSection(ExtensibilityGlobals) = postSolution
		SolutionGuid = {044BF78B-3137-4A8F-B2BC-28222804046E}
	EndGlobalSection
EndGlobal
